
Microsoft Visual Studio Solution File, Format Version 12.00
# Visual Studio Version 16
VisualStudioVersion = 16.0.32002.261
MinimumVisualStudioVersion = 10.0.40219.1
Project("{FAE04EC0-301F-11D3-BF4B-00C04F79EFBC}") = "projeto-teste", "projeto-teste\projeto-teste.csproj", "{3E485EFF-2F7A-4CEA-A83D-8C467B060899}"
EndProject
Global
	GlobalSection(SolutionConfigurationPlatforms) = preSolution
		Debug|Any CPU = Debug|Any CPU
		Release|Any CPU = Release|Any CPU
	EndGlobalSection
	GlobalSection(ProjectConfigurationPlatforms) = postSolution
		{3E485EFF-2F7A-4CEA-A83D-8C467B060899}.Debug|Any CPU.ActiveCfg = Debug|Any CPU
		{3E485EFF-2F7A-4CEA-A83D-8C467B060899}.Debug|Any CPU.Build.0 = Debug|Any CPU
		{3E485EFF-2F7A-4CEA-A83D-8C467B060899}.Release|Any CPU.ActiveCfg = Release|Any CPU
		{3E485EFF-2F7A-4CEA-A83D-8C467B060899}.Release|Any CPU.Build.0 = Release|Any CPU
	EndGlobalSection
	GlobalSection(SolutionProperties) = preSolution
		HideSolutionNode = FALSE
	EndGlobalSection
	GlobalSection(ExtensibilityGlobals) = postSolution
		SolutionGuid = {D047B7FB-D2C0-442C-8BBD-22DD47067E48}
	EndGlobalSection
EndGlobal
